
Microsoft Visual Studio Solution File, Format Version 12.00
# Visual Studio Version 17
VisualStudioVersion = 17.0.32014.148
MinimumVisualStudioVersion = 10.0.40219.1
Project("{FAE04EC0-301F-11D3-BF4B-00C04F79EFBC}") = "csharp-async-cancel", "csharp-async-cancel.csproj", "{DA72A9DA-8FD0-4BF0-A1C6-746DDBFF71C5}"
EndProject
Global
	GlobalSection(SolutionConfigurationPlatforms) = preSolution
		Debug|Any CPU = Debug|Any CPU
		Release|Any CPU = Release|Any CPU
	EndGlobalSection
	GlobalSection(ProjectConfigurationPlatforms) = postSolution
		{DA72A9DA-8FD0-4BF0-A1C6-746DDBFF71C5}.Debug|Any CPU.ActiveCfg = Debug|Any CPU
		{DA72A9DA-8FD0-4BF0-A1C6-746DDBFF71C5}.Debug|Any CPU.Build.0 = Debug|Any CPU
		{DA72A9DA-8FD0-4BF0-A1C6-746DDBFF71C5}.Release|Any CPU.ActiveCfg = Release|Any CPU
		{DA72A9DA-8FD0-4BF0-A1C6-746DDBFF71C5}.Release|Any CPU.Build.0 = Release|Any CPU
	EndGlobalSection
	GlobalSection(SolutionProperties) = preSolution
		HideSolutionNode = FALSE
	EndGlobalSection
	GlobalSection(ExtensibilityGlobals) = postSolution
		SolutionGuid = {EE47111B-ADF5-4F73-AEC6-9F3E83B0D9B3}
	EndGlobalSection
EndGlobal
